
Microsoft Visual Studio Solution File, Format Version 12.00
# Visual Studio Version 16
VisualStudioVersion = 16.0.30104.148
MinimumVisualStudioVersion = 10.0.40219.1
Project("{9A19103F-16F7-4668-BE54-9A1E7A4F7556}") = "B2CDeviceCode", "B2CDeviceCode.csproj", "{0EB86E42-D409-49C8-AAAA-AC875482F692}"
EndProject
Project("{FAE04EC0-301F-11D3-BF4B-00C04F79EFBC}") = "TestApp", "TestApp\TestApp.csproj", "{9C6658C6-D66B-4A7A-BFD5-F2277CCAA31E}"
EndProject
Global
	GlobalSection(SolutionConfigurationPlatforms) = preSolution
		Debug|Any CPU = Debug|Any CPU
		Release|Any CPU = Release|Any CPU
	EndGlobalSection
	GlobalSection(ProjectConfigurationPlatforms) = postSolution
		{0EB86E42-D409-49C8-AAAA-AC875482F692}.Debug|Any CPU.ActiveCfg = Debug|Any CPU
		{0EB86E42-D409-49C8-AAAA-AC875482F692}.Debug|Any CPU.Build.0 = Debug|Any CPU
		{0EB86E42-D409-49C8-AAAA-AC875482F692}.Release|Any CPU.ActiveCfg = Release|Any CPU
		{0EB86E42-D409-49C8-AAAA-AC875482F692}.Release|Any CPU.Build.0 = Release|Any CPU
		{9C6658C6-D66B-4A7A-BFD5-F2277CCAA31E}.Debug|Any CPU.ActiveCfg = Debug|Any CPU
		{9C6658C6-D66B-4A7A-BFD5-F2277CCAA31E}.Debug|Any CPU.Build.0 = Debug|Any CPU
		{9C6658C6-D66B-4A7A-BFD5-F2277CCAA31E}.Release|Any CPU.ActiveCfg = Release|Any CPU
		{9C6658C6-D66B-4A7A-BFD5-F2277CCAA31E}.Release|Any CPU.Build.0 = Release|Any CPU
	EndGlobalSection
	GlobalSection(SolutionProperties) = preSolution
		HideSolutionNode = FALSE
	EndGlobalSection
	GlobalSection(ExtensibilityGlobals) = postSolution
		SolutionGuid = {1F0D9A13-AF41-4239-AB02-4950C1645CF0}
	EndGlobalSection
EndGlobal
